
Microsoft Visual Studio Solution File, Format Version 12.00
# Visual Studio Version 17
VisualStudioVersion = 17.0.31903.59
MinimumVisualStudioVersion = 10.0.40219.1
Project("{FAE04EC0-301F-11D3-BF4B-00C04F79EFBC}") = "TC.Bowling", "TC.Bowling\TC.Bowling.csproj", "{D9D808AA-B5FD-4810-9D0B-3CAE1D152E60}"
EndProject
Project("{FAE04EC0-301F-11D3-BF4B-00C04F79EFBC}") = "TC.Bowling.Tests", "TC.Bowling.Tests\TC.Bowling.Tests.csproj", "{A94925BE-6411-40D1-A59F-C1F611B32B86}"
EndProject
Global
	GlobalSection(SolutionConfigurationPlatforms) = preSolution
		Debug|Any CPU = Debug|Any CPU
		Release|Any CPU = Release|Any CPU
	EndGlobalSection
	GlobalSection(SolutionProperties) = preSolution
		HideSolutionNode = FALSE
	EndGlobalSection
	GlobalSection(ProjectConfigurationPlatforms) = postSolution
		{D9D808AA-B5FD-4810-9D0B-3CAE1D152E60}.Debug|Any CPU.ActiveCfg = Debug|Any CPU
		{D9D808AA-B5FD-4810-9D0B-3CAE1D152E60}.Debug|Any CPU.Build.0 = Debug|Any CPU
		{D9D808AA-B5FD-4810-9D0B-3CAE1D152E60}.Release|Any CPU.ActiveCfg = Release|Any CPU
		{D9D808AA-B5FD-4810-9D0B-3CAE1D152E60}.Release|Any CPU.Build.0 = Release|Any CPU
		{A94925BE-6411-40D1-A59F-C1F611B32B86}.Debug|Any CPU.ActiveCfg = Debug|Any CPU
		{A94925BE-6411-40D1-A59F-C1F611B32B86}.Debug|Any CPU.Build.0 = Debug|Any CPU
		{A94925BE-6411-40D1-A59F-C1F611B32B86}.Release|Any CPU.ActiveCfg = Release|Any CPU
		{A94925BE-6411-40D1-A59F-C1F611B32B86}.Release|Any CPU.Build.0 = Release|Any CPU
	EndGlobalSection
EndGlobal
